// !$*UTF8*$!
{
	archiveVersion = 1;
	classes = {
	};
	objectVersion = 50;
	objects = {

/* Begin PBXBuildFile section */
		EA04B74E279343AA0077C91E /* WeatherApp.swift in Sources */ = {isa = PBXBuildFile; fileRef = EA04B74D279343AA0077C91E /* WeatherApp.swift */; };
		EA04B750279343AA0077C91E /* WeatherView.swift in Sources */ = {isa = PBXBuildFile; fileRef = EA04B74F279343AA0077C91E /* WeatherView.swift */; };
		EA04B752279343AC0077C91E /* Assets.xcassets in Resources */ = {isa = PBXBuildFile; fileRef = EA04B751279343AC0077C91E /* Assets.xcassets */; };
		EA04B755279343AC0077C91E /* Preview Assets.xcassets in Resources */ = {isa = PBXBuildFile; fileRef = EA04B754279343AC0077C91E /* Preview Assets.xcassets */; };
		EA04B760279343AC0077C91E /* WeatherAppTests.swift in Sources */ = {isa = PBXBuildFile; fileRef = EA04B75F279343AC0077C91E /* WeatherAppTests.swift */; };
		EA04B76B279343AD0077C91E /* WeatherAppUITests.swift in Sources */ = {isa = PBXBuildFile; fileRef = EA04B76A279343AD0077C91E /* WeatherAppUITests.swift */; };
		EA257B0A2794E34D00852E24 /* MockServices.swift in Sources */ = {isa = PBXBuildFile; fileRef = EA257B092794E34D00852E24 /* MockServices.swift */; };
		EA496C78279359850025E576 /* Spinner.swift in Sources */ = {isa = PBXBuildFile; fileRef = EA496C77279359850025E576 /* Spinner.swift */; };
		EA496C7A27935A820025E576 /* DownloadableImage.swift in Sources */ = {isa = PBXBuildFile; fileRef = EA496C7927935A820025E576 /* DownloadableImage.swift */; };
		EA496C7C27935AA00025E576 /* ImageCache.swift in Sources */ = {isa = PBXBuildFile; fileRef = EA496C7B27935AA00025E576 /* ImageCache.swift */; };
		EA496C7E27935ABA0025E576 /* ImageLoader.swift in Sources */ = {isa = PBXBuildFile; fileRef = EA496C7D27935ABA0025E576 /* ImageLoader.swift */; };
		EA496C8027935AD00025E576 /* AsyncImage.swift in Sources */ = {isa = PBXBuildFile; fileRef = EA496C7F27935AD00025E576 /* AsyncImage.swift */; };
		EA61F4B0279444BA000F6F1A /* WeatherHeader.swift in Sources */ = {isa = PBXBuildFile; fileRef = EA61F4AF279444BA000F6F1A /* WeatherHeader.swift */; };
		EA61F4B227944D93000F6F1A /* ViewBuilder.swift in Sources */ = {isa = PBXBuildFile; fileRef = EA61F4B127944D93000F6F1A /* ViewBuilder.swift */; };
		EA61F4B4279453C2000F6F1A /* HourlyView.swift in Sources */ = {isa = PBXBuildFile; fileRef = EA61F4B3279453C2000F6F1A /* HourlyView.swift */; };
		EA8969902794C58900E3C134 /* RequestLocationView.swift in Sources */ = {isa = PBXBuildFile; fileRef = EA89698F2794C58900E3C134 /* RequestLocationView.swift */; };
		EA8969922794C65400E3C134 /* ErrorPermissionView.swift in Sources */ = {isa = PBXBuildFile; fileRef = EA8969912794C65400E3C134 /* ErrorPermissionView.swift */; };
		EA8969942794C7D400E3C134 /* RequestLocationButton.swift in Sources */ = {isa = PBXBuildFile; fileRef = EA8969932794C7D400E3C134 /* RequestLocationButton.swift */; };
		EAC384A52793471600A720C5 /* EndPoints.swift in Sources */ = {isa = PBXBuildFile; fileRef = EAC384A42793471600A720C5 /* EndPoints.swift */; };
		EAC384A82793480C00A720C5 /* Bundle+Extension.swift in Sources */ = {isa = PBXBuildFile; fileRef = EAC384A72793480C00A720C5 /* Bundle+Extension.swift */; };
		EAC384AA27934DA500A720C5 /* StringConstants.swift in Sources */ = {isa = PBXBuildFile; fileRef = EAC384A927934DA500A720C5 /* StringConstants.swift */; };
		EAC384AC27934E7900A720C5 /* WeatherResponse.swift in Sources */ = {isa = PBXBuildFile; fileRef = EAC384AB27934E7900A720C5 /* WeatherResponse.swift */; };
		EAC384AE27934EFD00A720C5 /* WeatherService.swift in Sources */ = {isa = PBXBuildFile; fileRef = EAC384AD27934EFD00A720C5 /* WeatherService.swift */; };
		EAC384B027934FD200A720C5 /* ViewModel.swift in Sources */ = {isa = PBXBuildFile; fileRef = EAC384AF27934FD200A720C5 /* ViewModel.swift */; };
		EAC384B22793501A00A720C5 /* NWPathMonitor+Combine.swift in Sources */ = {isa = PBXBuildFile; fileRef = EAC384B12793501A00A720C5 /* NWPathMonitor+Combine.swift */; };
		EAC384B4279350C200A720C5 /* WeatherFactory.swift in Sources */ = {isa = PBXBuildFile; fileRef = EAC384B3279350C200A720C5 /* WeatherFactory.swift */; };
		EAC384B6279351AA00A720C5 /* ErrorView.swift in Sources */ = {isa = PBXBuildFile; fileRef = EAC384B5279351AA00A720C5 /* ErrorView.swift */; };
		EAD89A1D279464E100AD8C5E /* DayView.swift in Sources */ = {isa = PBXBuildFile; fileRef = EAD89A1C279464E100AD8C5E /* DayView.swift */; };
		EADFAF6C279498A300B1A013 /* Modifiers.swift in Sources */ = {isa = PBXBuildFile; fileRef = EADFAF6B279498A300B1A013 /* Modifiers.swift */; };
		EADFAF6E27949CB700B1A013 /* Extensions.swift in Sources */ = {isa = PBXBuildFile; fileRef = EADFAF6D27949CB700B1A013 /* Extensions.swift */; };
/* End PBXBuildFile section */

/* Begin PBXContainerItemProxy section */
		EA04B75C279343AC0077C91E /* PBXContainerItemProxy */ = {
			isa = PBXContainerItemProxy;
			containerPortal = EA04B742279343AA0077C91E /* Project object */;
			proxyType = 1;
			remoteGlobalIDString = EA04B749279343AA0077C91E;
			remoteInfo = WeatherApp;
		};
		EA04B767279343AD0077C91E /* PBXContainerItemProxy */ = {
			isa = PBXContainerItemProxy;
			containerPortal = EA04B742279343AA0077C91E /* Project object */;
			proxyType = 1;
			remoteGlobalIDString = EA04B749279343AA0077C91E;
			remoteInfo = WeatherApp;
		};
/* End PBXContainerItemProxy section */

/* Begin PBXFileReference section */
		EA04B74A279343AA0077C91E /* WeatherApp.app */ = {isa = PBXFileReference; explicitFileType = wrapper.application; includeInIndex = 0; path = WeatherApp.app; sourceTree = BUILT_PRODUCTS_DIR; };
		EA04B74D279343AA0077C91E /* WeatherApp.swift */ = {isa = PBXFileReference; lastKnownFileType = sourcecode.swift; path = WeatherApp.swift; sourceTree = "<group>"; };
		EA04B74F279343AA0077C91E /* WeatherView.swift */ = {isa = PBXFileReference; lastKnownFileType = sourcecode.swift; path = WeatherView.swift; sourceTree = "<group>"; };
		EA04B751279343AC0077C91E /* Assets.xcassets */ = {isa = PBXFileReference; lastKnownFileType = folder.assetcatalog; path = Assets.xcassets; sourceTree = "<group>"; };
		EA04B754279343AC0077C91E /* Preview Assets.xcassets */ = {isa = PBXFileReference; lastKnownFileType = folder.assetcatalog; path = "Preview Assets.xcassets"; sourceTree = "<group>"; };
		EA04B756279343AC0077C91E /* Info.plist */ = {isa = PBXFileReference; lastKnownFileType = text.plist.xml; path = Info.plist; sourceTree = "<group>"; };
		EA04B75B279343AC0077C91E /* WeatherAppTests.xctest */ = {isa = PBXFileReference; explicitFileType = wrapper.cfbundle; includeInIndex = 0; path = WeatherAppTests.xctest; sourceTree = BUILT_PRODUCTS_DIR; };
		EA04B75F279343AC0077C91E /* WeatherAppTests.swift */ = {isa = PBXFileReference; lastKnownFileType = sourcecode.swift; path = WeatherAppTests.swift; sourceTree = "<group>"; };
		EA04B761279343AC0077C91E /* Info.plist */ = {isa = PBXFileReference; lastKnownFileType = text.plist.xml; path = Info.plist; sourceTree = "<group>"; };
		EA04B766279343AD0077C91E /* WeatherAppUITests.xctest */ = {isa = PBXFileReference; explicitFileType = wrapper.cfbundle; includeInIndex = 0; path = WeatherAppUITests.xctest; sourceTree = BUILT_PRODUCTS_DIR; };
		EA04B76A279343AD0077C91E /* WeatherAppUITests.swift */ = {isa = PBXFileReference; lastKnownFileType = sourcecode.swift; path = WeatherAppUITests.swift; sourceTree = "<group>"; };
		EA04B76C279343AD0077C91E /* Info.plist */ = {isa = PBXFileReference; lastKnownFileType = text.plist.xml; path = Info.plist; sourceTree = "<group>"; };
		EA257B092794E34D00852E24 /* MockServices.swift */ = {isa = PBXFileReference; lastKnownFileType = sourcecode.swift; path = MockServices.swift; sourceTree = "<group>"; };
		EA496C77279359850025E576 /* Spinner.swift */ = {isa = PBXFileReference; lastKnownFileType = sourcecode.swift; path = Spinner.swift; sourceTree = "<group>"; };
		EA496C7927935A820025E576 /* DownloadableImage.swift */ = {isa = PBXFileReference; lastKnownFileType = sourcecode.swift; path = DownloadableImage.swift; sourceTree = "<group>"; };
		EA496C7B27935AA00025E576 /* ImageCache.swift */ = {isa = PBXFileReference; lastKnownFileType = sourcecode.swift; path = ImageCache.swift; sourceTree = "<group>"; };
		EA496C7D27935ABA0025E576 /* ImageLoader.swift */ = {isa = PBXFileReference; lastKnownFileType = sourcecode.swift; path = ImageLoader.swift; sourceTree = "<group>"; };
		EA496C7F27935AD00025E576 /* AsyncImage.swift */ = {isa = PBXFileReference; lastKnownFileType = sourcecode.swift; path = AsyncImage.swift; sourceTree = "<group>"; };
		EA61F4AF279444BA000F6F1A /* WeatherHeader.swift */ = {isa = PBXFileReference; lastKnownFileType = sourcecode.swift; path = WeatherHeader.swift; sourceTree = "<group>"; };
		EA61F4B127944D93000F6F1A /* ViewBuilder.swift */ = {isa = PBXFileReference; lastKnownFileType = sourcecode.swift; path = ViewBuilder.swift; sourceTree = "<group>"; };
		EA61F4B3279453C2000F6F1A /* HourlyView.swift */ = {isa = PBXFileReference; lastKnownFileType = sourcecode.swift; path = HourlyView.swift; sourceTree = "<group>"; };
		EA89698F2794C58900E3C134 /* RequestLocationView.swift */ = {isa = PBXFileReference; lastKnownFileType = sourcecode.swift; path = RequestLocationView.swift; sourceTree = "<group>"; };
		EA8969912794C65400E3C134 /* ErrorPermissionView.swift */ = {isa = PBXFileReference; lastKnownFileType = sourcecode.swift; path = ErrorPermissionView.swift; sourceTree = "<group>"; };
		EA8969932794C7D400E3C134 /* RequestLocationButton.swift */ = {isa = PBXFileReference; lastKnownFileType = sourcecode.swift; path = RequestLocationButton.swift; sourceTree = "<group>"; };
		EAC384A42793471600A720C5 /* EndPoints.swift */ = {isa = PBXFileReference; lastKnownFileType = sourcecode.swift; path = EndPoints.swift; sourceTree = "<group>"; };
		EAC384A72793480C00A720C5 /* Bundle+Extension.swift */ = {isa = PBXFileReference; lastKnownFileType = sourcecode.swift; path = "Bundle+Extension.swift"; sourceTree = "<group>"; };
		EAC384A927934DA500A720C5 /* StringConstants.swift */ = {isa = PBXFileReference; lastKnownFileType = sourcecode.swift; path = StringConstants.swift; sourceTree = "<group>"; };
		EAC384AB27934E7900A720C5 /* WeatherResponse.swift */ = {isa = PBXFileReference; lastKnownFileType = sourcecode.swift; path = WeatherResponse.swift; sourceTree = "<group>"; };
		EAC384AD27934EFD00A720C5 /* WeatherService.swift */ = {isa = PBXFileReference; lastKnownFileType = sourcecode.swift; path = WeatherService.swift; sourceTree = "<group>"; };
		EAC384AF27934FD200A720C5 /* ViewModel.swift */ = {isa = PBXFileReference; lastKnownFileType = sourcecode.swift; path = ViewModel.swift; sourceTree = "<group>"; };
		EAC384B12793501A00A720C5 /* NWPathMonitor+Combine.swift */ = {isa = PBXFileReference; lastKnownFileType = sourcecode.swift; path = "NWPathMonitor+Combine.swift"; sourceTree = "<group>"; };
		EAC384B3279350C200A720C5 /* WeatherFactory.swift */ = {isa = PBXFileReference; lastKnownFileType = sourcecode.swift; path = WeatherFactory.swift; sourceTree = "<group>"; };
		EAC384B5279351AA00A720C5 /* ErrorView.swift */ = {isa = PBXFileReference; lastKnownFileType = sourcecode.swift; path = ErrorView.swift; sourceTree = "<group>"; };
		EAD89A1C279464E100AD8C5E /* DayView.swift */ = {isa = PBXFileReference; lastKnownFileType = sourcecode.swift; path = DayView.swift; sourceTree = "<group>"; };
		EADFAF6B279498A300B1A013 /* Modifiers.swift */ = {isa = PBXFileReference; lastKnownFileType = sourcecode.swift; path = Modifiers.swift; sourceTree = "<group>"; };
		EADFAF6D27949CB700B1A013 /* Extensions.swift */ = {isa = PBXFileReference; lastKnownFileType = sourcecode.swift; path = Extensions.swift; sourceTree = "<group>"; };
/* End PBXFileReference section */

/* Begin PBXFrameworksBuildPhase section */
		EA04B747279343AA0077C91E /* Frameworks */ = {
			isa = PBXFrameworksBuildPhase;
			buildActionMask = 2147483647;
			files = (
			);
			runOnlyForDeploymentPostprocessing = 0;
		};
		EA04B758279343AC0077C91E /* Frameworks */ = {
			isa = PBXFrameworksBuildPhase;
			buildActionMask = 2147483647;
			files = (
			);
			runOnlyForDeploymentPostprocessing = 0;
		};
		EA04B763279343AD0077C91E /* Frameworks */ = {
			isa = PBXFrameworksBuildPhase;
			buildActionMask = 2147483647;
			files = (
			);
			runOnlyForDeploymentPostprocessing = 0;
		};
/* End PBXFrameworksBuildPhase section */

/* Begin PBXGroup section */
		EA04B741279343AA0077C91E = {
			isa = PBXGroup;
			children = (
				EA04B74C279343AA0077C91E /* WeatherApp */,
				EA04B75E279343AC0077C91E /* WeatherAppTests */,
				EA04B769279343AD0077C91E /* WeatherAppUITests */,
				EA04B74B279343AA0077C91E /* Products */,
			);
			sourceTree = "<group>";
		};
		EA04B74B279343AA0077C91E /* Products */ = {
			isa = PBXGroup;
			children = (
				EA04B74A279343AA0077C91E /* WeatherApp.app */,
				EA04B75B279343AC0077C91E /* WeatherAppTests.xctest */,
				EA04B766279343AD0077C91E /* WeatherAppUITests.xctest */,
			);
			name = Products;
			sourceTree = "<group>";
		};
		EA04B74C279343AA0077C91E /* WeatherApp */ = {
			isa = PBXGroup;
			children = (
				EAC3849B2793460200A720C5 /* App */,
				EAC3849A279345F500A720C5 /* Presentation */,
				EAC38499279345EA00A720C5 /* Network */,
				EAC38498279345DB00A720C5 /* Commun */,
				EAC38497279345D500A720C5 /* Ressources */,
				EAC38496279345C200A720C5 /* Supporting files */,
				EA04B756279343AC0077C91E /* Info.plist */,
			);
			path = WeatherApp;
			sourceTree = "<group>";
		};
		EA04B753279343AC0077C91E /* Preview Content */ = {
			isa = PBXGroup;
			children = (
				EA04B754279343AC0077C91E /* Preview Assets.xcassets */,
			);
			path = "Preview Content";
			sourceTree = "<group>";
		};
		EA04B75E279343AC0077C91E /* WeatherAppTests */ = {
			isa = PBXGroup;
			children = (
				EA04B75F279343AC0077C91E /* WeatherAppTests.swift */,
				EA04B761279343AC0077C91E /* Info.plist */,
				EA257B092794E34D00852E24 /* MockServices.swift */,
			);
			path = WeatherAppTests;
			sourceTree = "<group>";
		};
		EA04B769279343AD0077C91E /* WeatherAppUITests */ = {
			isa = PBXGroup;
			children = (
				EA04B76A279343AD0077C91E /* WeatherAppUITests.swift */,
				EA04B76C279343AD0077C91E /* Info.plist */,
			);
			path = WeatherAppUITests;
			sourceTree = "<group>";
		};
		EA61F4AD27944296000F6F1A /* MainView */ = {
			isa = PBXGroup;
			children = (
			);
			path = MainView;
			sourceTree = "<group>";
		};
		EAC38496279345C200A720C5 /* Supporting files */ = {
			isa = PBXGroup;
			children = (
				EA04B753279343AC0077C91E /* Preview Content */,
			);
			path = "Supporting files";
			sourceTree = "<group>";
		};
		EAC38497279345D500A720C5 /* Ressources */ = {
			isa = PBXGroup;
			children = (
				EA04B751279343AC0077C91E /* Assets.xcassets */,
			);
			path = Ressources;
			sourceTree = "<group>";
		};
		EAC38498279345DB00A720C5 /* Commun */ = {
			isa = PBXGroup;
			children = (
				EAC384A12793467C00A720C5 /* AsyncImage */,
				EAC384A02793467100A720C5 /* Spinner */,
				EAC3849F2793466800A720C5 /* Helpers */,
				EAC3849E2793465B00A720C5 /* UIComponents */,
			);
			path = Commun;
			sourceTree = "<group>";
		};
		EAC38499279345EA00A720C5 /* Network */ = {
			isa = PBXGroup;
			children = (
				EAC3849D2793464700A720C5 /* Services */,
				EAC3849C2793463900A720C5 /* Model */,
			);
			path = Network;
			sourceTree = "<group>";
		};
		EAC3849A279345F500A720C5 /* Presentation */ = {
			isa = PBXGroup;
			children = (
				EA61F4AD27944296000F6F1A /* MainView */,
				EA04B74F279343AA0077C91E /* WeatherView.swift */,
				EAC384AF27934FD200A720C5 /* ViewModel.swift */,
				EAC384B3279350C200A720C5 /* WeatherFactory.swift */,
			);
			path = Presentation;
			sourceTree = "<group>";
		};
		EAC3849B2793460200A720C5 /* App */ = {
			isa = PBXGroup;
			children = (
				EA04B74D279343AA0077C91E /* WeatherApp.swift */,
			);
			path = App;
			sourceTree = "<group>";
		};
		EAC3849C2793463900A720C5 /* Model */ = {
			isa = PBXGroup;
			children = (
				EAC384AB27934E7900A720C5 /* WeatherResponse.swift */,
			);
			path = Model;
			sourceTree = "<group>";
		};
		EAC3849D2793464700A720C5 /* Services */ = {
			isa = PBXGroup;
			children = (
				EAC384AD27934EFD00A720C5 /* WeatherService.swift */,
			);
			path = Services;
			sourceTree = "<group>";
		};
		EAC3849E2793465B00A720C5 /* UIComponents */ = {
			isa = PBXGroup;
			children = (
				EAC384B5279351AA00A720C5 /* ErrorView.swift */,
				EA61F4AF279444BA000F6F1A /* WeatherHeader.swift */,
				EA61F4B127944D93000F6F1A /* ViewBuilder.swift */,
				EA61F4B3279453C2000F6F1A /* HourlyView.swift */,
				EAD89A1C279464E100AD8C5E /* DayView.swift */,
				EADFAF6B279498A300B1A013 /* Modifiers.swift */,
				EA89698F2794C58900E3C134 /* RequestLocationView.swift */,
				EA8969912794C65400E3C134 /* ErrorPermissionView.swift */,
				EA8969932794C7D400E3C134 /* RequestLocationButton.swift */,
			);
			path = UIComponents;
			sourceTree = "<group>";
		};
		EAC3849F2793466800A720C5 /* Helpers */ = {
			isa = PBXGroup;
			children = (
				EAC384A6279347F700A720C5 /* Extensions */,
				EAC384A3279346D400A720C5 /* Constants */,
				EAC384A2279346C500A720C5 /* NetworkExtensions */,
			);
			path = Helpers;
			sourceTree = "<group>";
		};
		EAC384A02793467100A720C5 /* Spinner */ = {
			isa = PBXGroup;
			children = (
				EA496C77279359850025E576 /* Spinner.swift */,
			);
			path = Spinner;
			sourceTree = "<group>";
		};
		EAC384A12793467C00A720C5 /* AsyncImage */ = {
			isa = PBXGroup;
			children = (
				EA496C7927935A820025E576 /* DownloadableImage.swift */,
				EA496C7B27935AA00025E576 /* ImageCache.swift */,
				EA496C7D27935ABA0025E576 /* ImageLoader.swift */,
				EA496C7F27935AD00025E576 /* AsyncImage.swift */,
			);
			path = AsyncImage;
			sourceTree = "<group>";
		};
		EAC384A2279346C500A720C5 /* NetworkExtensions */ = {
			isa = PBXGroup;
			children = (
				EAC384B12793501A00A720C5 /* NWPathMonitor+Combine.swift */,
			);
			path = NetworkExtensions;
			sourceTree = "<group>";
		};
		EAC384A3279346D400A720C5 /* Constants */ = {
			isa = PBXGroup;
			children = (
				EAC384A42793471600A720C5 /* EndPoints.swift */,
				EAC384A927934DA500A720C5 /* StringConstants.swift */,
			);
			path = Constants;
			sourceTree = "<group>";
		};
		EAC384A6279347F700A720C5 /* Extensions */ = {
			isa = PBXGroup;
			children = (
				EAC384A72793480C00A720C5 /* Bundle+Extension.swift */,
				EADFAF6D27949CB700B1A013 /* Extensions.swift */,
			);
			path = Extensions;
			sourceTree = "<group>";
		};
/* End PBXGroup section */

/* Begin PBXNativeTarget section */
		EA04B749279343AA0077C91E /* WeatherApp */ = {
			isa = PBXNativeTarget;
			buildConfigurationList = EA04B76F279343AD0077C91E /* Build configuration list for PBXNativeTarget "WeatherApp" */;
			buildPhases = (
				EA04B746279343AA0077C91E /* Sources */,
				EA04B747279343AA0077C91E /* Frameworks */,
				EA04B748279343AA0077C91E /* Resources */,
			);
			buildRules = (
			);
			dependencies = (
			);
			name = WeatherApp;
			productName = WeatherApp;
			productReference = EA04B74A279343AA0077C91E /* WeatherApp.app */;
			productType = "com.apple.product-type.application";
		};
		EA04B75A279343AC0077C91E /* WeatherAppTests */ = {
			isa = PBXNativeTarget;
			buildConfigurationList = EA04B772279343AD0077C91E /* Build configuration list for PBXNativeTarget "WeatherAppTests" */;
			buildPhases = (
				EA04B757279343AC0077C91E /* Sources */,
				EA04B758279343AC0077C91E /* Frameworks */,
				EA04B759279343AC0077C91E /* Resources */,
			);
			buildRules = (
			);
			dependencies = (
				EA04B75D279343AC0077C91E /* PBXTargetDependency */,
			);
			name = WeatherAppTests;
			productName = WeatherAppTests;
			productReference = EA04B75B279343AC0077C91E /* WeatherAppTests.xctest */;
			productType = "com.apple.product-type.bundle.unit-test";
		};
		EA04B765279343AD0077C91E /* WeatherAppUITests */ = {
			isa = PBXNativeTarget;
			buildConfigurationList = EA04B775279343AD0077C91E /* Build configuration list for PBXNativeTarget "WeatherAppUITests" */;
			buildPhases = (
				EA04B762279343AD0077C91E /* Sources */,
				EA04B763279343AD0077C91E /* Frameworks */,
				EA04B764279343AD0077C91E /* Resources */,
			);
			buildRules = (
			);
			dependencies = (
				EA04B768279343AD0077C91E /* PBXTargetDependency */,
			);
			name = WeatherAppUITests;
			productName = WeatherAppUITests;
			productReference = EA04B766279343AD0077C91E /* WeatherAppUITests.xctest */;
			productType = "com.apple.product-type.bundle.ui-testing";
		};
/* End PBXNativeTarget section */

/* Begin PBXProject section */
		EA04B742279343AA0077C91E /* Project object */ = {
			isa = PBXProject;
			attributes = {
				LastSwiftUpdateCheck = 1250;
				LastUpgradeCheck = 1250;
				TargetAttributes = {
					EA04B749279343AA0077C91E = {
						CreatedOnToolsVersion = 12.5;
					};
					EA04B75A279343AC0077C91E = {
						CreatedOnToolsVersion = 12.5;
						TestTargetID = EA04B749279343AA0077C91E;
					};
					EA04B765279343AD0077C91E = {
						CreatedOnToolsVersion = 12.5;
						TestTargetID = EA04B749279343AA0077C91E;
					};
				};
			};
			buildConfigurationList = EA04B745279343AA0077C91E /* Build configuration list for PBXProject "WeatherApp" */;
			compatibilityVersion = "Xcode 9.3";
			developmentRegion = en;
			hasScannedForEncodings = 0;
			knownRegions = (
				en,
				Base,
			);
			mainGroup = EA04B741279343AA0077C91E;
			productRefGroup = EA04B74B279343AA0077C91E /* Products */;
			projectDirPath = "";
			projectRoot = "";
			targets = (
				EA04B749279343AA0077C91E /* WeatherApp */,
				EA04B75A279343AC0077C91E /* WeatherAppTests */,
				EA04B765279343AD0077C91E /* WeatherAppUITests */,
			);
		};
/* End PBXProject section */

/* Begin PBXResourcesBuildPhase section */
		EA04B748279343AA0077C91E /* Resources */ = {
			isa = PBXResourcesBuildPhase;
			buildActionMask = 2147483647;
			files = (
				EA04B755279343AC0077C91E /* Preview Assets.xcassets in Resources */,
				EA04B752279343AC0077C91E /* Assets.xcassets in Resources */,
			);
			runOnlyForDeploymentPostprocessing = 0;
		};
		EA04B759279343AC0077C91E /* Resources */ = {
			isa = PBXResourcesBuildPhase;
			buildActionMask = 2147483647;
			files = (
			);
			runOnlyForDeploymentPostprocessing = 0;
		};
		EA04B764279343AD0077C91E /* Resources */ = {
			isa = PBXResourcesBuildPhase;
			buildActionMask = 2147483647;
			files = (
			);
			runOnlyForDeploymentPostprocessing = 0;
		};
/* End PBXResourcesBuildPhase section */

/* Begin PBXSourcesBuildPhase section */
		EA04B746279343AA0077C91E /* Sources */ = {
			isa = PBXSourcesBuildPhase;
			buildActionMask = 2147483647;
			files = (
				EAD89A1D279464E100AD8C5E /* DayView.swift in Sources */,
				EA04B750279343AA0077C91E /* WeatherView.swift in Sources */,
				EAC384B22793501A00A720C5 /* NWPathMonitor+Combine.swift in Sources */,
				EA8969942794C7D400E3C134 /* RequestLocationButton.swift in Sources */,
				EA61F4B227944D93000F6F1A /* ViewBuilder.swift in Sources */,
				EA496C7E27935ABA0025E576 /* ImageLoader.swift in Sources */,
				EAC384AC27934E7900A720C5 /* WeatherResponse.swift in Sources */,
				EAC384B4279350C200A720C5 /* WeatherFactory.swift in Sources */,
				EAC384A52793471600A720C5 /* EndPoints.swift in Sources */,
				EA61F4B0279444BA000F6F1A /* WeatherHeader.swift in Sources */,
				EA04B74E279343AA0077C91E /* WeatherApp.swift in Sources */,
				EA8969922794C65400E3C134 /* ErrorPermissionView.swift in Sources */,
				EAC384AA27934DA500A720C5 /* StringConstants.swift in Sources */,
				EA496C78279359850025E576 /* Spinner.swift in Sources */,
				EADFAF6C279498A300B1A013 /* Modifiers.swift in Sources */,
				EA496C7A27935A820025E576 /* DownloadableImage.swift in Sources */,
				EAC384A82793480C00A720C5 /* Bundle+Extension.swift in Sources */,
				EAC384B027934FD200A720C5 /* ViewModel.swift in Sources */,
				EA496C8027935AD00025E576 /* AsyncImage.swift in Sources */,
				EADFAF6E27949CB700B1A013 /* Extensions.swift in Sources */,
				EAC384AE27934EFD00A720C5 /* WeatherService.swift in Sources */,
				EA496C7C27935AA00025E576 /* ImageCache.swift in Sources */,
				EAC384B6279351AA00A720C5 /* ErrorView.swift in Sources */,
				EA61F4B4279453C2000F6F1A /* HourlyView.swift in Sources */,
				EA8969902794C58900E3C134 /* RequestLocationView.swift in Sources */,
			);
			runOnlyForDeploymentPostprocessing = 0;
		};
		EA04B757279343AC0077C91E /* Sources */ = {
			isa = PBXSourcesBuildPhase;
			buildActionMask = 2147483647;
			files = (
				EA04B760279343AC0077C91E /* WeatherAppTests.swift in Sources */,
				EA257B0A2794E34D00852E24 /* MockServices.swift in Sources */,
			);
			runOnlyForDeploymentPostprocessing = 0;
		};
		EA04B762279343AD0077C91E /* Sources */ = {
			isa = PBXSourcesBuildPhase;
			buildActionMask = 2147483647;
			files = (
				EA04B76B279343AD0077C91E /* WeatherAppUITests.swift in Sources */,
			);
			runOnlyForDeploymentPostprocessing = 0;
		};
/* End PBXSourcesBuildPhase section */

/* Begin PBXTargetDependency section */
		EA04B75D279343AC0077C91E /* PBXTargetDependency */ = {
			isa = PBXTargetDependency;
			target = EA04B749279343AA0077C91E /* WeatherApp */;
			targetProxy = EA04B75C279343AC0077C91E /* PBXContainerItemProxy */;
		};
		EA04B768279343AD0077C91E /* PBXTargetDependency */ = {
			isa = PBXTargetDependency;
			target = EA04B749279343AA0077C91E /* WeatherApp */;
			targetProxy = EA04B767279343AD0077C91E /* PBXContainerItemProxy */;
		};
/* End PBXTargetDependency section */

/* Begin XCBuildConfiguration section */
		EA04B76D279343AD0077C91E /* Debug */ = {
			isa = XCBuildConfiguration;
			buildSettings = {
				ALWAYS_SEARCH_USER_PATHS = NO;
				CLANG_ANALYZER_NONNULL = YES;
				CLANG_ANALYZER_NUMBER_OBJECT_CONVERSION = YES_AGGRESSIVE;
				CLANG_CXX_LANGUAGE_STANDARD = "gnu++14";
				CLANG_CXX_LIBRARY = "libc++";
				CLANG_ENABLE_MODULES = YES;
				CLANG_ENABLE_OBJC_ARC = YES;
				CLANG_ENABLE_OBJC_WEAK = YES;
				CLANG_WARN_BLOCK_CAPTURE_AUTORELEASING = YES;
				CLANG_WARN_BOOL_CONVERSION = YES;
				CLANG_WARN_COMMA = YES;
				CLANG_WARN_CONSTANT_CONVERSION = YES;
				CLANG_WARN_DEPRECATED_OBJC_IMPLEMENTATIONS = YES;
				CLANG_WARN_DIRECT_OBJC_ISA_USAGE = YES_ERROR;
				CLANG_WARN_DOCUMENTATION_COMMENTS = YES;
				CLANG_WARN_EMPTY_BODY = YES;
				CLANG_WARN_ENUM_CONVERSION = YES;
				CLANG_WARN_INFINITE_RECURSION = YES;
				CLANG_WARN_INT_CONVERSION = YES;
				CLANG_WARN_NON_LITERAL_NULL_CONVERSION = YES;
				CLANG_WARN_OBJC_IMPLICIT_RETAIN_SELF = YES;
				CLANG_WARN_OBJC_LITERAL_CONVERSION = YES;
				CLANG_WARN_OBJC_ROOT_CLASS = YES_ERROR;
				CLANG_WARN_QUOTED_INCLUDE_IN_FRAMEWORK_HEADER = YES;
				CLANG_WARN_RANGE_LOOP_ANALYSIS = YES;
				CLANG_WARN_STRICT_PROTOTYPES = YES;
				CLANG_WARN_SUSPICIOUS_MOVE = YES;
				CLANG_WARN_UNGUARDED_AVAILABILITY = YES_AGGRESSIVE;
				CLANG_WARN_UNREACHABLE_CODE = YES;
				CLANG_WARN__DUPLICATE_METHOD_MATCH = YES;
				COPY_PHASE_STRIP = NO;
				DEBUG_INFORMATION_FORMAT = dwarf;
				ENABLE_STRICT_OBJC_MSGSEND = YES;
				ENABLE_TESTABILITY = YES;
				GCC_C_LANGUAGE_STANDARD = gnu11;
				GCC_DYNAMIC_NO_PIC = NO;
				GCC_NO_COMMON_BLOCKS = YES;
				GCC_OPTIMIZATION_LEVEL = 0;
				GCC_PREPROCESSOR_DEFINITIONS = (
					"DEBUG=1",
					"$(inherited)",
				);
				GCC_WARN_64_TO_32_BIT_CONVERSION = YES;
				GCC_WARN_ABOUT_RETURN_TYPE = YES_ERROR;
				GCC_WARN_UNDECLARED_SELECTOR = YES;
				GCC_WARN_UNINITIALIZED_AUTOS = YES_AGGRESSIVE;
				GCC_WARN_UNUSED_FUNCTION = YES;
				GCC_WARN_UNUSED_VARIABLE = YES;
				IPHONEOS_DEPLOYMENT_TARGET = 14.5;
				MTL_ENABLE_DEBUG_INFO = INCLUDE_SOURCE;
				MTL_FAST_MATH = YES;
				ONLY_ACTIVE_ARCH = YES;
				SDKROOT = iphoneos;
				SWIFT_ACTIVE_COMPILATION_CONDITIONS = DEBUG;
				SWIFT_OPTIMIZATION_LEVEL = "-Onone";
			};
			name = Debug;
		};
		EA04B76E279343AD0077C91E /* Release */ = {
			isa = XCBuildConfiguration;
			buildSettings = {
				ALWAYS_SEARCH_USER_PATHS = NO;
				CLANG_ANALYZER_NONNULL = YES;
				CLANG_ANALYZER_NUMBER_OBJECT_CONVERSION = YES_AGGRESSIVE;
				CLANG_CXX_LANGUAGE_STANDARD = "gnu++14";
				CLANG_CXX_LIBRARY = "libc++";
				CLANG_ENABLE_MODULES = YES;
				CLANG_ENABLE_OBJC_ARC = YES;
				CLANG_ENABLE_OBJC_WEAK = YES;
				CLANG_WARN_BLOCK_CAPTURE_AUTORELEASING = YES;
				CLANG_WARN_BOOL_CONVERSION = YES;
				CLANG_WARN_COMMA = YES;
				CLANG_WARN_CONSTANT_CONVERSION = YES;
				CLANG_WARN_DEPRECATED_OBJC_IMPLEMENTATIONS = YES;
				CLANG_WARN_DIRECT_OBJC_ISA_USAGE = YES_ERROR;
				CLANG_WARN_DOCUMENTATION_COMMENTS = YES;
				CLANG_WARN_EMPTY_BODY = YES;
				CLANG_WARN_ENUM_CONVERSION = YES;
				CLANG_WARN_INFINITE_RECURSION = YES;
				CLANG_WARN_INT_CONVERSION = YES;
				CLANG_WARN_NON_LITERAL_NULL_CONVERSION = YES;
				CLANG_WARN_OBJC_IMPLICIT_RETAIN_SELF = YES;
				CLANG_WARN_OBJC_LITERAL_CONVERSION = YES;
				CLANG_WARN_OBJC_ROOT_CLASS = YES_ERROR;
				CLANG_WARN_QUOTED_INCLUDE_IN_FRAMEWORK_HEADER = YES;
				CLANG_WARN_RANGE_LOOP_ANALYSIS = YES;
				CLANG_WARN_STRICT_PROTOTYPES = YES;
				CLANG_WARN_SUSPICIOUS_MOVE = YES;
				CLANG_WARN_UNGUARDED_AVAILABILITY = YES_AGGRESSIVE;
				CLANG_WARN_UNREACHABLE_CODE = YES;
				CLANG_WARN__DUPLICATE_METHOD_MATCH = YES;
				COPY_PHASE_STRIP = NO;
				DEBUG_INFORMATION_FORMAT = "dwarf-with-dsym";
				ENABLE_NS_ASSERTIONS = NO;
				ENABLE_STRICT_OBJC_MSGSEND = YES;
				GCC_C_LANGUAGE_STANDARD = gnu11;
				GCC_NO_COMMON_BLOCKS = YES;
				GCC_WARN_64_TO_32_BIT_CONVERSION = YES;
				GCC_WARN_ABOUT_RETURN_TYPE = YES_ERROR;
				GCC_WARN_UNDECLARED_SELECTOR = YES;
				GCC_WARN_UNINITIALIZED_AUTOS = YES_AGGRESSIVE;
				GCC_WARN_UNUSED_FUNCTION = YES;
				GCC_WARN_UNUSED_VARIABLE = YES;
				IPHONEOS_DEPLOYMENT_TARGET = 14.5;
				MTL_ENABLE_DEBUG_INFO = NO;
				MTL_FAST_MATH = YES;
				SDKROOT = iphoneos;
				SWIFT_COMPILATION_MODE = wholemodule;
				SWIFT_OPTIMIZATION_LEVEL = "-O";
				VALIDATE_PRODUCT = YES;
			};
			name = Release;
		};
		EA04B770279343AD0077C91E /* Debug */ = {
			isa = XCBuildConfiguration;
			buildSettings = {
				ASSETCATALOG_COMPILER_APPICON_NAME = AppIcon;
				ASSETCATALOG_COMPILER_GLOBAL_ACCENT_COLOR_NAME = AccentColor;
				CODE_SIGN_STYLE = Automatic;
				DEVELOPMENT_ASSET_PATHS = "\"WeatherApp/Supporting files/Preview Content\"";
				DEVELOPMENT_TEAM = P3MY8KZZK3;
				ENABLE_PREVIEWS = YES;
				INFOPLIST_FILE = WeatherApp/Info.plist;
				IPHONEOS_DEPLOYMENT_TARGET = 14.0;
				LD_RUNPATH_SEARCH_PATHS = (
					"$(inherited)",
					"@executable_path/Frameworks",
				);
				PRODUCT_BUNDLE_IDENTIFIER = com.RamiOunifi.WeatherApp;
				PRODUCT_NAME = "$(TARGET_NAME)";
				SWIFT_VERSION = 5.0;
				TARGETED_DEVICE_FAMILY = "1,2";
			};
			name = Debug;
		};
		EA04B771279343AD0077C91E /* Release */ = {
			isa = XCBuildConfiguration;
			buildSettings = {
				ASSETCATALOG_COMPILER_APPICON_NAME = AppIcon;
				ASSETCATALOG_COMPILER_GLOBAL_ACCENT_COLOR_NAME = AccentColor;
				CODE_SIGN_STYLE = Automatic;
				DEVELOPMENT_ASSET_PATHS = "\"WeatherApp/Supporting files/Preview Content\"";
				DEVELOPMENT_TEAM = P3MY8KZZK3;
				ENABLE_PREVIEWS = YES;
				INFOPLIST_FILE = WeatherApp/Info.plist;
				IPHONEOS_DEPLOYMENT_TARGET = 14.0;
				LD_RUNPATH_SEARCH_PATHS = (
					"$(inherited)",
					"@executable_path/Frameworks",
				);
				PRODUCT_BUNDLE_IDENTIFIER = com.RamiOunifi.WeatherApp;
				PRODUCT_NAME = "$(TARGET_NAME)";
				SWIFT_VERSION = 5.0;
				TARGETED_DEVICE_FAMILY = "1,2";
			};
			name = Release;
		};
		EA04B773279343AD0077C91E /* Debug */ = {
			isa = XCBuildConfiguration;
			buildSettings = {
				ALWAYS_EMBED_SWIFT_STANDARD_LIBRARIES = YES;
				BUNDLE_LOADER = "$(TEST_HOST)";
				CODE_SIGN_STYLE = Automatic;
				DEVELOPMENT_TEAM = P3MY8KZZK3;
				INFOPLIST_FILE = WeatherAppTests/Info.plist;
				IPHONEOS_DEPLOYMENT_TARGET = 14.0;
				LD_RUNPATH_SEARCH_PATHS = (
					"$(inherited)",
					"@executable_path/Frameworks",
					"@loader_path/Frameworks",
				);
				PRODUCT_BUNDLE_IDENTIFIER = com.RamiOunifi.WeatherAppTests;
				PRODUCT_NAME = "$(TARGET_NAME)";
				SWIFT_VERSION = 5.0;
				TARGETED_DEVICE_FAMILY = "1,2";
				TEST_HOST = "$(BUILT_PRODUCTS_DIR)/WeatherApp.app/WeatherApp";
			};
			name = Debug;
		};
		EA04B774279343AD0077C91E /* Release */ = {
			isa = XCBuildConfiguration;
			buildSettings = {
				ALWAYS_EMBED_SWIFT_STANDARD_LIBRARIES = YES;
				BUNDLE_LOADER = "$(TEST_HOST)";
				CODE_SIGN_STYLE = Automatic;
				DEVELOPMENT_TEAM = P3MY8KZZK3;
				INFOPLIST_FILE = WeatherAppTests/Info.plist;
				IPHONEOS_DEPLOYMENT_TARGET = 14.0;
				LD_RUNPATH_SEARCH_PATHS = (
					"$(inherited)",
					"@executable_path/Frameworks",
					"@loader_path/Frameworks",
				);
				PRODUCT_BUNDLE_IDENTIFIER = com.RamiOunifi.WeatherAppTests;
				PRODUCT_NAME = "$(TARGET_NAME)";
				SWIFT_VERSION = 5.0;
				TARGETED_DEVICE_FAMILY = "1,2";
				TEST_HOST = "$(BUILT_PRODUCTS_DIR)/WeatherApp.app/WeatherApp";
			};
			name = Release;
		};
		EA04B776279343AD0077C91E /* Debug */ = {
			isa = XCBuildConfiguration;
			buildSettings = {
				ALWAYS_EMBED_SWIFT_STANDARD_LIBRARIES = YES;
				CODE_SIGN_STYLE = Automatic;
				DEVELOPMENT_TEAM = P3MY8KZZK3;
				INFOPLIST_FILE = WeatherAppUITests/Info.plist;
				LD_RUNPATH_SEARCH_PATHS = (
					"$(inherited)",
					"@executable_path/Frameworks",
					"@loader_path/Frameworks",
				);
				PRODUCT_BUNDLE_IDENTIFIER = com.RamiOunifi.WeatherAppUITests;
				PRODUCT_NAME = "$(TARGET_NAME)";
				SWIFT_VERSION = 5.0;
				TARGETED_DEVICE_FAMILY = "1,2";
				TEST_TARGET_NAME = WeatherApp;
			};
			name = Debug;
		};
		EA04B777279343AD0077C91E /* Release */ = {
			isa = XCBuildConfiguration;
			buildSettings = {
				ALWAYS_EMBED_SWIFT_STANDARD_LIBRARIES = YES;
				CODE_SIGN_STYLE = Automatic;
				DEVELOPMENT_TEAM = P3MY8KZZK3;
				INFOPLIST_FILE = WeatherAppUITests/Info.plist;
				LD_RUNPATH_SEARCH_PATHS = (
					"$(inherited)",
					"@executable_path/Frameworks",
					"@loader_path/Frameworks",
				);
				PRODUCT_BUNDLE_IDENTIFIER = com.RamiOunifi.WeatherAppUITests;
				PRODUCT_NAME = "$(TARGET_NAME)";
				SWIFT_VERSION = 5.0;
				TARGETED_DEVICE_FAMILY = "1,2";
				TEST_TARGET_NAME = WeatherApp;
			};
			name = Release;
		};
/* End XCBuildConfiguration section */

/* Begin XCConfigurationList section */
		EA04B745279343AA0077C91E /* Build configuration list for PBXProject "WeatherApp" */ = {
			isa = XCConfigurationList;
			buildConfigurations = (
				EA04B76D279343AD0077C91E /* Debug */,
				EA04B76E279343AD0077C91E /* Release */,
			);
			defaultConfigurationIsVisible = 0;
			defaultConfigurationName = Release;
		};
		EA04B76F279343AD0077C91E /* Build configuration list for PBXNativeTarget "WeatherApp" */ = {
			isa = XCConfigurationList;
			buildConfigurations = (
				EA04B770279343AD0077C91E /* Debug */,
				EA04B771279343AD0077C91E /* Release */,
			);
			defaultConfigurationIsVisible = 0;
			defaultConfigurationName = Release;
		};
		EA04B772279343AD0077C91E /* Build configuration list for PBXNativeTarget "WeatherAppTests" */ = {
			isa = XCConfigurationList;
			buildConfigurations = (
				EA04B773279343AD0077C91E /* Debug */,
				EA04B774279343AD0077C91E /* Release */,
			);
			defaultConfigurationIsVisible = 0;
			defaultConfigurationName = Release;
		};
		EA04B775279343AD0077C91E /* Build configuration list for PBXNativeTarget "WeatherAppUITests" */ = {
			isa = XCConfigurationList;
			buildConfigurations = (
				EA04B776279343AD0077C91E /* Debug */,
				EA04B777279343AD0077C91E /* Release */,
			);
			defaultConfigurationIsVisible = 0;
			defaultConfigurationName = Release;
		};
/* End XCConfigurationList section */
	};
	rootObject = EA04B742279343AA0077C91E /* Project object */;
}
